// !$*UTF8*$!
{
	archiveVersion = 1;
	classes = {
	};
	objectVersion = 46;
	objects = {

/* Begin PBXBuildFile section */
		A744C52C19A4F65B0028C438 /* AppDelegate.swift in Sources */ = {isa = PBXBuildFile; fileRef = A744C52B19A4F65B0028C438 /* AppDelegate.swift */; };
		A744C53019A4F65B0028C438 /* GameScene.swift in Sources */ = {isa = PBXBuildFile; fileRef = A744C52F19A4F65B0028C438 /* GameScene.swift */; };
		A744C53219A4F65B0028C438 /* GameViewController.swift in Sources */ = {isa = PBXBuildFile; fileRef = A744C53119A4F65B0028C438 /* GameViewController.swift */; };
		A744C53519A4F65B0028C438 /* Main.storyboard in Resources */ = {isa = PBXBuildFile; fileRef = A744C53319A4F65B0028C438 /* Main.storyboard */; };
		A744C53719A4F65B0028C438 /* Images.xcassets in Resources */ = {isa = PBXBuildFile; fileRef = A744C53619A4F65B0028C438 /* Images.xcassets */; };
		A744C54319A4F65B0028C438 /* swiftrisTests.swift in Sources */ = {isa = PBXBuildFile; fileRef = A744C54219A4F65B0028C438 /* swiftrisTests.swift */; };
		A744C58219A4F8E90028C438 /* bomb.mp3 in Resources */ = {isa = PBXBuildFile; fileRef = A744C57D19A4F8E90028C438 /* bomb.mp3 */; };
		A744C58319A4F8E90028C438 /* bomb.mp3 in Resources */ = {isa = PBXBuildFile; fileRef = A744C57D19A4F8E90028C438 /* bomb.mp3 */; };
		A744C58419A4F8E90028C438 /* drop.mp3 in Resources */ = {isa = PBXBuildFile; fileRef = A744C57E19A4F8E90028C438 /* drop.mp3 */; };
		A744C58519A4F8E90028C438 /* drop.mp3 in Resources */ = {isa = PBXBuildFile; fileRef = A744C57E19A4F8E90028C438 /* drop.mp3 */; };
		A744C58619A4F8E90028C438 /* gameover.mp3 in Resources */ = {isa = PBXBuildFile; fileRef = A744C57F19A4F8E90028C438 /* gameover.mp3 */; };
		A744C58719A4F8E90028C438 /* gameover.mp3 in Resources */ = {isa = PBXBuildFile; fileRef = A744C57F19A4F8E90028C438 /* gameover.mp3 */; };
		A744C58819A4F8E90028C438 /* levelup.mp3 in Resources */ = {isa = PBXBuildFile; fileRef = A744C58019A4F8E90028C438 /* levelup.mp3 */; };
		A744C58919A4F8E90028C438 /* levelup.mp3 in Resources */ = {isa = PBXBuildFile; fileRef = A744C58019A4F8E90028C438 /* levelup.mp3 */; };
		A744C58A19A4F8E90028C438 /* theme.mp3 in Resources */ = {isa = PBXBuildFile; fileRef = A744C58119A4F8E90028C438 /* theme.mp3 */; };
		A744C58B19A4F8E90028C438 /* theme.mp3 in Resources */ = {isa = PBXBuildFile; fileRef = A744C58119A4F8E90028C438 /* theme.mp3 */; };
		A744C58D19A4F8FF0028C438 /* Sprites.atlas in Resources */ = {isa = PBXBuildFile; fileRef = A744C58C19A4F8FF0028C438 /* Sprites.atlas */; };
		A744C58E19A4F8FF0028C438 /* Sprites.atlas in Resources */ = {isa = PBXBuildFile; fileRef = A744C58C19A4F8FF0028C438 /* Sprites.atlas */; };
		A744C59619A4F91C0028C438 /* background.png in Resources */ = {isa = PBXBuildFile; fileRef = A744C59019A4F91C0028C438 /* background.png */; };
		A744C59719A4F91C0028C438 /* background.png in Resources */ = {isa = PBXBuildFile; fileRef = A744C59019A4F91C0028C438 /* background.png */; };
		A744C59819A4F91C0028C438 /* background@2x.png in Resources */ = {isa = PBXBuildFile; fileRef = A744C59119A4F91C0028C438 /* background@2x.png */; };
		A744C59919A4F91C0028C438 /* background@2x.png in Resources */ = {isa = PBXBuildFile; fileRef = A744C59119A4F91C0028C438 /* background@2x.png */; };
		A744C59A19A4F91C0028C438 /* gameboard.png in Resources */ = {isa = PBXBuildFile; fileRef = A744C59219A4F91C0028C438 /* gameboard.png */; };
		A744C59B19A4F91C0028C438 /* gameboard.png in Resources */ = {isa = PBXBuildFile; fileRef = A744C59219A4F91C0028C438 /* gameboard.png */; };
		A744C59C19A4F91C0028C438 /* gameboard@2x.png in Resources */ = {isa = PBXBuildFile; fileRef = A744C59319A4F91C0028C438 /* gameboard@2x.png */; };
		A744C59D19A4F91C0028C438 /* gameboard@2x.png in Resources */ = {isa = PBXBuildFile; fileRef = A744C59319A4F91C0028C438 /* gameboard@2x.png */; };
		A744C59E19A4F91C0028C438 /* whitebg.png in Resources */ = {isa = PBXBuildFile; fileRef = A744C59419A4F91C0028C438 /* whitebg.png */; };
		A744C59F19A4F91C0028C438 /* whitebg.png in Resources */ = {isa = PBXBuildFile; fileRef = A744C59419A4F91C0028C438 /* whitebg.png */; };
		A744C5A019A4F91C0028C438 /* whitebg@2x.png in Resources */ = {isa = PBXBuildFile; fileRef = A744C59519A4F91C0028C438 /* whitebg@2x.png */; };
		A744C5A119A4F91C0028C438 /* whitebg@2x.png in Resources */ = {isa = PBXBuildFile; fileRef = A744C59519A4F91C0028C438 /* whitebg@2x.png */; };
		A744C5A319A4FDB60028C438 /* Array2D.swift in Sources */ = {isa = PBXBuildFile; fileRef = A744C5A219A4FDB60028C438 /* Array2D.swift */; };
		A744C5A419A4FDB60028C438 /* Array2D.swift in Sources */ = {isa = PBXBuildFile; fileRef = A744C5A219A4FDB60028C438 /* Array2D.swift */; };
		A744C5A719A501EA0028C438 /* Block.swift in Sources */ = {isa = PBXBuildFile; fileRef = A744C5A619A501EA0028C438 /* Block.swift */; };
		A744C5A819A501EA0028C438 /* Block.swift in Sources */ = {isa = PBXBuildFile; fileRef = A744C5A619A501EA0028C438 /* Block.swift */; };
		A744C5AA19A505B90028C438 /* Shape.swift in Sources */ = {isa = PBXBuildFile; fileRef = A744C5A919A505B90028C438 /* Shape.swift */; };
		A744C5AB19A505B90028C438 /* Shape.swift in Sources */ = {isa = PBXBuildFile; fileRef = A744C5A919A505B90028C438 /* Shape.swift */; };
		A7900DFE19A62C86009C0CD0 /* SquareShape.swift in Sources */ = {isa = PBXBuildFile; fileRef = A7900DFD19A62C86009C0CD0 /* SquareShape.swift */; };
		A7900DFF19A62C86009C0CD0 /* SquareShape.swift in Sources */ = {isa = PBXBuildFile; fileRef = A7900DFD19A62C86009C0CD0 /* SquareShape.swift */; };
		A7900E0119A62D54009C0CD0 /* TShape.swift in Sources */ = {isa = PBXBuildFile; fileRef = A7900E0019A62D54009C0CD0 /* TShape.swift */; };
		A7900E0219A62D54009C0CD0 /* TShape.swift in Sources */ = {isa = PBXBuildFile; fileRef = A7900E0019A62D54009C0CD0 /* TShape.swift */; };
		A7900E0519A62DC9009C0CD0 /* LineShape.swift in Sources */ = {isa = PBXBuildFile; fileRef = A7900E0419A62DC9009C0CD0 /* LineShape.swift */; };
		A7900E0619A62DC9009C0CD0 /* LineShape.swift in Sources */ = {isa = PBXBuildFile; fileRef = A7900E0419A62DC9009C0CD0 /* LineShape.swift */; };
		A7900E0819A62E0C009C0CD0 /* LShape.swift in Sources */ = {isa = PBXBuildFile; fileRef = A7900E0719A62E0C009C0CD0 /* LShape.swift */; };
		A7900E0919A62E0C009C0CD0 /* LShape.swift in Sources */ = {isa = PBXBuildFile; fileRef = A7900E0719A62E0C009C0CD0 /* LShape.swift */; };
		A7900E0B19A62E50009C0CD0 /* JShape.swift in Sources */ = {isa = PBXBuildFile; fileRef = A7900E0A19A62E50009C0CD0 /* JShape.swift */; };
		A7900E0C19A62E50009C0CD0 /* JShape.swift in Sources */ = {isa = PBXBuildFile; fileRef = A7900E0A19A62E50009C0CD0 /* JShape.swift */; };
		A7900E0E19A62EAA009C0CD0 /* SShape.swift in Sources */ = {isa = PBXBuildFile; fileRef = A7900E0D19A62EAA009C0CD0 /* SShape.swift */; };
		A7900E0F19A62EAA009C0CD0 /* SShape.swift in Sources */ = {isa = PBXBuildFile; fileRef = A7900E0D19A62EAA009C0CD0 /* SShape.swift */; };
		A7900E1119A62F03009C0CD0 /* ZShape.swift in Sources */ = {isa = PBXBuildFile; fileRef = A7900E1019A62F03009C0CD0 /* ZShape.swift */; };
		A7900E1219A62F03009C0CD0 /* ZShape.swift in Sources */ = {isa = PBXBuildFile; fileRef = A7900E1019A62F03009C0CD0 /* ZShape.swift */; };
/* End PBXBuildFile section */

/* Begin PBXContainerItemProxy section */
		A744C53D19A4F65B0028C438 /* PBXContainerItemProxy */ = {
			isa = PBXContainerItemProxy;
			containerPortal = A744C51E19A4F65B0028C438 /* Project object */;
			proxyType = 1;
			remoteGlobalIDString = A744C52519A4F65B0028C438;
			remoteInfo = swiftris;
		};
/* End PBXContainerItemProxy section */

/* Begin PBXFileReference section */
		A744C52619A4F65B0028C438 /* swiftris.app */ = {isa = PBXFileReference; explicitFileType = wrapper.application; includeInIndex = 0; path = swiftris.app; sourceTree = BUILT_PRODUCTS_DIR; };
		A744C52A19A4F65B0028C438 /* Info.plist */ = {isa = PBXFileReference; lastKnownFileType = text.plist.xml; path = Info.plist; sourceTree = "<group>"; };
		A744C52B19A4F65B0028C438 /* AppDelegate.swift */ = {isa = PBXFileReference; lastKnownFileType = sourcecode.swift; path = AppDelegate.swift; sourceTree = "<group>"; };
		A744C52F19A4F65B0028C438 /* GameScene.swift */ = {isa = PBXFileReference; lastKnownFileType = sourcecode.swift; path = GameScene.swift; sourceTree = "<group>"; };
		A744C53119A4F65B0028C438 /* GameViewController.swift */ = {isa = PBXFileReference; lastKnownFileType = sourcecode.swift; path = GameViewController.swift; sourceTree = "<group>"; };
		A744C53419A4F65B0028C438 /* Base */ = {isa = PBXFileReference; lastKnownFileType = file.storyboard; name = Base; path = Base.lproj/Main.storyboard; sourceTree = "<group>"; };
		A744C53619A4F65B0028C438 /* Images.xcassets */ = {isa = PBXFileReference; lastKnownFileType = folder.assetcatalog; path = Images.xcassets; sourceTree = "<group>"; };
		A744C53C19A4F65B0028C438 /* swiftrisTests.xctest */ = {isa = PBXFileReference; explicitFileType = wrapper.cfbundle; includeInIndex = 0; path = swiftrisTests.xctest; sourceTree = BUILT_PRODUCTS_DIR; };
		A744C54119A4F65B0028C438 /* Info.plist */ = {isa = PBXFileReference; lastKnownFileType = text.plist.xml; path = Info.plist; sourceTree = "<group>"; };
		A744C54219A4F65B0028C438 /* swiftrisTests.swift */ = {isa = PBXFileReference; lastKnownFileType = sourcecode.swift; path = swiftrisTests.swift; sourceTree = "<group>"; };
		A744C57D19A4F8E90028C438 /* bomb.mp3 */ = {isa = PBXFileReference; lastKnownFileType = audio.mp3; path = bomb.mp3; sourceTree = "<group>"; };
		A744C57E19A4F8E90028C438 /* drop.mp3 */ = {isa = PBXFileReference; lastKnownFileType = audio.mp3; path = drop.mp3; sourceTree = "<group>"; };
		A744C57F19A4F8E90028C438 /* gameover.mp3 */ = {isa = PBXFileReference; lastKnownFileType = audio.mp3; path = gameover.mp3; sourceTree = "<group>"; };
		A744C58019A4F8E90028C438 /* levelup.mp3 */ = {isa = PBXFileReference; lastKnownFileType = audio.mp3; path = levelup.mp3; sourceTree = "<group>"; };
		A744C58119A4F8E90028C438 /* theme.mp3 */ = {isa = PBXFileReference; lastKnownFileType = audio.mp3; path = theme.mp3; sourceTree = "<group>"; };
		A744C58C19A4F8FF0028C438 /* Sprites.atlas */ = {isa = PBXFileReference; lastKnownFileType = folder.skatlas; path = Sprites.atlas; sourceTree = "<group>"; };
		A744C59019A4F91C0028C438 /* background.png */ = {isa = PBXFileReference; lastKnownFileType = image.png; path = background.png; sourceTree = "<group>"; };
		A744C59119A4F91C0028C438 /* background@2x.png */ = {isa = PBXFileReference; lastKnownFileType = image.png; path = "background@2x.png"; sourceTree = "<group>"; };
		A744C59219A4F91C0028C438 /* gameboard.png */ = {isa = PBXFileReference; lastKnownFileType = image.png; path = gameboard.png; sourceTree = "<group>"; };
		A744C59319A4F91C0028C438 /* gameboard@2x.png */ = {isa = PBXFileReference; lastKnownFileType = image.png; path = "gameboard@2x.png"; sourceTree = "<group>"; };
		A744C59419A4F91C0028C438 /* whitebg.png */ = {isa = PBXFileReference; lastKnownFileType = image.png; path = whitebg.png; sourceTree = "<group>"; };
		A744C59519A4F91C0028C438 /* whitebg@2x.png */ = {isa = PBXFileReference; lastKnownFileType = image.png; path = "whitebg@2x.png"; sourceTree = "<group>"; };
		A744C5A219A4FDB60028C438 /* Array2D.swift */ = {isa = PBXFileReference; fileEncoding = 4; lastKnownFileType = sourcecode.swift; path = Array2D.swift; sourceTree = "<group>"; };
		A744C5A619A501EA0028C438 /* Block.swift */ = {isa = PBXFileReference; fileEncoding = 4; lastKnownFileType = sourcecode.swift; name = Block.swift; path = Model/Block.swift; sourceTree = "<group>"; };
		A744C5A919A505B90028C438 /* Shape.swift */ = {isa = PBXFileReference; fileEncoding = 4; lastKnownFileType = sourcecode.swift; name = Shape.swift; path = Model/Shape.swift; sourceTree = "<group>"; };
		A7900DFD19A62C86009C0CD0 /* SquareShape.swift */ = {isa = PBXFileReference; fileEncoding = 4; lastKnownFileType = sourcecode.swift; name = SquareShape.swift; path = Model/SquareShape.swift; sourceTree = "<group>"; };
		A7900E0019A62D54009C0CD0 /* TShape.swift */ = {isa = PBXFileReference; fileEncoding = 4; lastKnownFileType = sourcecode.swift; name = TShape.swift; path = Model/TShape.swift; sourceTree = "<group>"; };
		A7900E0419A62DC9009C0CD0 /* LineShape.swift */ = {isa = PBXFileReference; fileEncoding = 4; lastKnownFileType = sourcecode.swift; name = LineShape.swift; path = Model/LineShape.swift; sourceTree = "<group>"; };
		A7900E0719A62E0C009C0CD0 /* LShape.swift */ = {isa = PBXFileReference; fileEncoding = 4; lastKnownFileType = sourcecode.swift; name = LShape.swift; path = Model/LShape.swift; sourceTree = "<group>"; };
		A7900E0A19A62E50009C0CD0 /* JShape.swift */ = {isa = PBXFileReference; fileEncoding = 4; lastKnownFileType = sourcecode.swift; name = JShape.swift; path = Model/JShape.swift; sourceTree = "<group>"; };
		A7900E0D19A62EAA009C0CD0 /* SShape.swift */ = {isa = PBXFileReference; fileEncoding = 4; lastKnownFileType = sourcecode.swift; name = SShape.swift; path = Model/SShape.swift; sourceTree = "<group>"; };
		A7900E1019A62F03009C0CD0 /* ZShape.swift */ = {isa = PBXFileReference; fileEncoding = 4; lastKnownFileType = sourcecode.swift; name = ZShape.swift; path = Model/ZShape.swift; sourceTree = "<group>"; };
/* End PBXFileReference section */

/* Begin PBXFrameworksBuildPhase section */
		A744C52319A4F65B0028C438 /* Frameworks */ = {
			isa = PBXFrameworksBuildPhase;
			buildActionMask = 2147483647;
			files = (
			);
			runOnlyForDeploymentPostprocessing = 0;
		};
		A744C53919A4F65B0028C438 /* Frameworks */ = {
			isa = PBXFrameworksBuildPhase;
			buildActionMask = 2147483647;
			files = (
			);
			runOnlyForDeploymentPostprocessing = 0;
		};
/* End PBXFrameworksBuildPhase section */

/* Begin PBXGroup section */
		A744C51D19A4F65B0028C438 = {
			isa = PBXGroup;
			children = (
				A744C52819A4F65B0028C438 /* swiftris */,
				A744C53F19A4F65B0028C438 /* swiftrisTests */,
				A744C52719A4F65B0028C438 /* Products */,
			);
			sourceTree = "<group>";
		};
		A744C52719A4F65B0028C438 /* Products */ = {
			isa = PBXGroup;
			children = (
				A744C52619A4F65B0028C438 /* swiftris.app */,
				A744C53C19A4F65B0028C438 /* swiftrisTests.xctest */,
			);
			name = Products;
			sourceTree = "<group>";
		};
		A744C52819A4F65B0028C438 /* swiftris */ = {
			isa = PBXGroup;
			children = (
				A744C5A519A501C40028C438 /* Model */,
				A744C52B19A4F65B0028C438 /* AppDelegate.swift */,
				A744C52F19A4F65B0028C438 /* GameScene.swift */,
				A744C53119A4F65B0028C438 /* GameViewController.swift */,
				A744C53319A4F65B0028C438 /* Main.storyboard */,
				A744C53619A4F65B0028C438 /* Images.xcassets */,
				A744C52919A4F65B0028C438 /* Supporting Files */,
			);
			path = swiftris;
			sourceTree = "<group>";
		};
		A744C52919A4F65B0028C438 /* Supporting Files */ = {
			isa = PBXGroup;
			children = (
				A744C58F19A4F91C0028C438 /* Images */,
				A744C58C19A4F8FF0028C438 /* Sprites.atlas */,
				A744C57C19A4F8E90028C438 /* Sounds */,
				A744C52A19A4F65B0028C438 /* Info.plist */,
			);
			name = "Supporting Files";
			sourceTree = "<group>";
		};
		A744C53F19A4F65B0028C438 /* swiftrisTests */ = {
			isa = PBXGroup;
			children = (
				A744C54219A4F65B0028C438 /* swiftrisTests.swift */,
				A744C54019A4F65B0028C438 /* Supporting Files */,
			);
			path = swiftrisTests;
			sourceTree = "<group>";
		};
		A744C54019A4F65B0028C438 /* Supporting Files */ = {
			isa = PBXGroup;
			children = (
				A744C54119A4F65B0028C438 /* Info.plist */,
			);
			name = "Supporting Files";
			sourceTree = "<group>";
		};
		A744C57C19A4F8E90028C438 /* Sounds */ = {
			isa = PBXGroup;
			children = (
				A744C57D19A4F8E90028C438 /* bomb.mp3 */,
				A744C57E19A4F8E90028C438 /* drop.mp3 */,
				A744C57F19A4F8E90028C438 /* gameover.mp3 */,
				A744C58019A4F8E90028C438 /* levelup.mp3 */,
				A744C58119A4F8E90028C438 /* theme.mp3 */,
			);
			path = Sounds;
			sourceTree = "<group>";
		};
		A744C58F19A4F91C0028C438 /* Images */ = {
			isa = PBXGroup;
			children = (
				A744C59019A4F91C0028C438 /* background.png */,
				A744C59119A4F91C0028C438 /* background@2x.png */,
				A744C59219A4F91C0028C438 /* gameboard.png */,
				A744C59319A4F91C0028C438 /* gameboard@2x.png */,
				A744C59419A4F91C0028C438 /* whitebg.png */,
				A744C59519A4F91C0028C438 /* whitebg@2x.png */,
			);
			path = Images;
			sourceTree = "<group>";
		};
		A744C5A519A501C40028C438 /* Model */ = {
			isa = PBXGroup;
			children = (
				A7900E0319A62D9F009C0CD0 /* Final Shapes */,
				A744C5A219A4FDB60028C438 /* Array2D.swift */,
				A744C5A619A501EA0028C438 /* Block.swift */,
				A744C5A919A505B90028C438 /* Shape.swift */,
			);
			name = Model;
			sourceTree = "<group>";
		};
		A7900E0319A62D9F009C0CD0 /* Final Shapes */ = {
			isa = PBXGroup;
			children = (
				A7900E0019A62D54009C0CD0 /* TShape.swift */,
				A7900DFD19A62C86009C0CD0 /* SquareShape.swift */,
				A7900E0419A62DC9009C0CD0 /* LineShape.swift */,
				A7900E0719A62E0C009C0CD0 /* LShape.swift */,
				A7900E0A19A62E50009C0CD0 /* JShape.swift */,
				A7900E0D19A62EAA009C0CD0 /* SShape.swift */,
				A7900E1019A62F03009C0CD0 /* ZShape.swift */,
			);
			name = "Final Shapes";
			sourceTree = "<group>";
		};
/* End PBXGroup section */

/* Begin PBXNativeTarget section */
		A744C52519A4F65B0028C438 /* swiftris */ = {
			isa = PBXNativeTarget;
			buildConfigurationList = A744C54619A4F65B0028C438 /* Build configuration list for PBXNativeTarget "swiftris" */;
			buildPhases = (
				A744C52219A4F65B0028C438 /* Sources */,
				A744C52319A4F65B0028C438 /* Frameworks */,
				A744C52419A4F65B0028C438 /* Resources */,
			);
			buildRules = (
			);
			dependencies = (
			);
			name = swiftris;
			productName = swiftris;
			productReference = A744C52619A4F65B0028C438 /* swiftris.app */;
			productType = "com.apple.product-type.application";
		};
		A744C53B19A4F65B0028C438 /* swiftrisTests */ = {
			isa = PBXNativeTarget;
			buildConfigurationList = A744C54919A4F65B0028C438 /* Build configuration list for PBXNativeTarget "swiftrisTests" */;
			buildPhases = (
				A744C53819A4F65B0028C438 /* Sources */,
				A744C53919A4F65B0028C438 /* Frameworks */,
				A744C53A19A4F65B0028C438 /* Resources */,
			);
			buildRules = (
			);
			dependencies = (
				A744C53E19A4F65B0028C438 /* PBXTargetDependency */,
			);
			name = swiftrisTests;
			productName = swiftrisTests;
			productReference = A744C53C19A4F65B0028C438 /* swiftrisTests.xctest */;
			productType = "com.apple.product-type.bundle.unit-test";
		};
/* End PBXNativeTarget section */

/* Begin PBXProject section */
		A744C51E19A4F65B0028C438 /* Project object */ = {
			isa = PBXProject;
			attributes = {
				LastUpgradeCheck = 0600;
				ORGANIZATIONNAME = "Gemma Barlow";
				TargetAttributes = {
					A744C52519A4F65B0028C438 = {
						CreatedOnToolsVersion = 6.0;
					};
					A744C53B19A4F65B0028C438 = {
						CreatedOnToolsVersion = 6.0;
						TestTargetID = A744C52519A4F65B0028C438;
					};
				};
			};
			buildConfigurationList = A744C52119A4F65B0028C438 /* Build configuration list for PBXProject "swiftris" */;
			compatibilityVersion = "Xcode 3.2";
			developmentRegion = English;
			hasScannedForEncodings = 0;
			knownRegions = (
				en,
				Base,
			);
			mainGroup = A744C51D19A4F65B0028C438;
			productRefGroup = A744C52719A4F65B0028C438 /* Products */;
			projectDirPath = "";
			projectRoot = "";
			targets = (
				A744C52519A4F65B0028C438 /* swiftris */,
				A744C53B19A4F65B0028C438 /* swiftrisTests */,
			);
		};
/* End PBXProject section */

/* Begin PBXResourcesBuildPhase section */
		A744C52419A4F65B0028C438 /* Resources */ = {
			isa = PBXResourcesBuildPhase;
			buildActionMask = 2147483647;
			files = (
				A744C53719A4F65B0028C438 /* Images.xcassets in Resources */,
				A744C58619A4F8E90028C438 /* gameover.mp3 in Resources */,
				A744C59E19A4F91C0028C438 /* whitebg.png in Resources */,
				A744C58D19A4F8FF0028C438 /* Sprites.atlas in Resources */,
				A744C59C19A4F91C0028C438 /* gameboard@2x.png in Resources */,
				A744C53519A4F65B0028C438 /* Main.storyboard in Resources */,
				A744C58219A4F8E90028C438 /* bomb.mp3 in Resources */,
				A744C5A019A4F91C0028C438 /* whitebg@2x.png in Resources */,
				A744C58819A4F8E90028C438 /* levelup.mp3 in Resources */,
				A744C58A19A4F8E90028C438 /* theme.mp3 in Resources */,
				A744C59619A4F91C0028C438 /* background.png in Resources */,
				A744C59819A4F91C0028C438 /* background@2x.png in Resources */,
				A744C59A19A4F91C0028C438 /* gameboard.png in Resources */,
				A744C58419A4F8E90028C438 /* drop.mp3 in Resources */,
			);
			runOnlyForDeploymentPostprocessing = 0;
		};
		A744C53A19A4F65B0028C438 /* Resources */ = {
			isa = PBXResourcesBuildPhase;
			buildActionMask = 2147483647;
			files = (
				A744C58E19A4F8FF0028C438 /* Sprites.atlas in Resources */,
				A744C5A119A4F91C0028C438 /* whitebg@2x.png in Resources */,
				A744C58319A4F8E90028C438 /* bomb.mp3 in Resources */,
				A744C59F19A4F91C0028C438 /* whitebg.png in Resources */,
				A744C59B19A4F91C0028C438 /* gameboard.png in Resources */,
				A744C59D19A4F91C0028C438 /* gameboard@2x.png in Resources */,
				A744C59719A4F91C0028C438 /* background.png in Resources */,
				A744C58519A4F8E90028C438 /* drop.mp3 in Resources */,
				A744C58919A4F8E90028C438 /* levelup.mp3 in Resources */,
				A744C58719A4F8E90028C438 /* gameover.mp3 in Resources */,
				A744C59919A4F91C0028C438 /* background@2x.png in Resources */,
				A744C58B19A4F8E90028C438 /* theme.mp3 in Resources */,
			);
			runOnlyForDeploymentPostprocessing = 0;
		};
/* End PBXResourcesBuildPhase section */

/* Begin PBXSourcesBuildPhase section */
		A744C52219A4F65B0028C438 /* Sources */ = {
			isa = PBXSourcesBuildPhase;
			buildActionMask = 2147483647;
			files = (
				A7900E0819A62E0C009C0CD0 /* LShape.swift in Sources */,
				A7900DFE19A62C86009C0CD0 /* SquareShape.swift in Sources */,
				A744C53019A4F65B0028C438 /* GameScene.swift in Sources */,
				A7900E0B19A62E50009C0CD0 /* JShape.swift in Sources */,
				A744C5AA19A505B90028C438 /* Shape.swift in Sources */,
				A744C5A319A4FDB60028C438 /* Array2D.swift in Sources */,
				A7900E0519A62DC9009C0CD0 /* LineShape.swift in Sources */,
				A7900E0E19A62EAA009C0CD0 /* SShape.swift in Sources */,
				A7900E0119A62D54009C0CD0 /* TShape.swift in Sources */,
				A744C5A719A501EA0028C438 /* Block.swift in Sources */,
				A744C53219A4F65B0028C438 /* GameViewController.swift in Sources */,
				A7900E1119A62F03009C0CD0 /* ZShape.swift in Sources */,
				A744C52C19A4F65B0028C438 /* AppDelegate.swift in Sources */,
			);
			runOnlyForDeploymentPostprocessing = 0;
		};
		A744C53819A4F65B0028C438 /* Sources */ = {
			isa = PBXSourcesBuildPhase;
			buildActionMask = 2147483647;
			files = (
				A7900E0219A62D54009C0CD0 /* TShape.swift in Sources */,
				A744C5A819A501EA0028C438 /* Block.swift in Sources */,
				A744C54319A4F65B0028C438 /* swiftrisTests.swift in Sources */,
				A744C5A419A4FDB60028C438 /* Array2D.swift in Sources */,
				A7900E0C19A62E50009C0CD0 /* JShape.swift in Sources */,
				A7900E0F19A62EAA009C0CD0 /* SShape.swift in Sources */,
				A7900E0919A62E0C009C0CD0 /* LShape.swift in Sources */,
				A7900DFF19A62C86009C0CD0 /* SquareShape.swift in Sources */,
				A7900E1219A62F03009C0CD0 /* ZShape.swift in Sources */,
				A744C5AB19A505B90028C438 /* Shape.swift in Sources */,
				A7900E0619A62DC9009C0CD0 /* LineShape.swift in Sources */,
			);
			runOnlyForDeploymentPostprocessing = 0;
		};
/* End PBXSourcesBuildPhase section */

/* Begin PBXTargetDependency section */
		A744C53E19A4F65B0028C438 /* PBXTargetDependency */ = {
			isa = PBXTargetDependency;
			target = A744C52519A4F65B0028C438 /* swiftris */;
			targetProxy = A744C53D19A4F65B0028C438 /* PBXContainerItemProxy */;
		};
/* End PBXTargetDependency section */

/* Begin PBXVariantGroup section */
		A744C53319A4F65B0028C438 /* Main.storyboard */ = {
			isa = PBXVariantGroup;
			children = (
				A744C53419A4F65B0028C438 /* Base */,
			);
			name = Main.storyboard;
			sourceTree = "<group>";
		};
/* End PBXVariantGroup section */

/* Begin XCBuildConfiguration section */
		A744C54419A4F65B0028C438 /* Debug */ = {
			isa = XCBuildConfiguration;
			buildSettings = {
				ALWAYS_SEARCH_USER_PATHS = NO;
				CLANG_CXX_LANGUAGE_STANDARD = "gnu++0x";
				CLANG_CXX_LIBRARY = "libc++";
				CLANG_ENABLE_MODULES = YES;
				CLANG_ENABLE_OBJC_ARC = YES;
				CLANG_WARN_BOOL_CONVERSION = YES;
				CLANG_WARN_CONSTANT_CONVERSION = YES;
				CLANG_WARN_DIRECT_OBJC_ISA_USAGE = YES_ERROR;
				CLANG_WARN_EMPTY_BODY = YES;
				CLANG_WARN_ENUM_CONVERSION = YES;
				CLANG_WARN_INT_CONVERSION = YES;
				CLANG_WARN_OBJC_ROOT_CLASS = YES_ERROR;
				CLANG_WARN_UNREACHABLE_CODE = YES;
				CLANG_WARN__DUPLICATE_METHOD_MATCH = YES;
				"CODE_SIGN_IDENTITY[sdk=iphoneos*]" = "iPhone Developer";
				COPY_PHASE_STRIP = NO;
				ENABLE_STRICT_OBJC_MSGSEND = YES;
				GCC_C_LANGUAGE_STANDARD = gnu99;
				GCC_DYNAMIC_NO_PIC = NO;
				GCC_OPTIMIZATION_LEVEL = 0;
				GCC_PREPROCESSOR_DEFINITIONS = (
					"DEBUG=1",
					"$(inherited)",
				);
				GCC_SYMBOLS_PRIVATE_EXTERN = NO;
				GCC_WARN_64_TO_32_BIT_CONVERSION = YES;
				GCC_WARN_ABOUT_RETURN_TYPE = YES_ERROR;
				GCC_WARN_UNDECLARED_SELECTOR = YES;
				GCC_WARN_UNINITIALIZED_AUTOS = YES_AGGRESSIVE;
				GCC_WARN_UNUSED_FUNCTION = YES;
				GCC_WARN_UNUSED_VARIABLE = YES;
				IPHONEOS_DEPLOYMENT_TARGET = 8.0;
				MTL_ENABLE_DEBUG_INFO = YES;
				ONLY_ACTIVE_ARCH = YES;
				SDKROOT = iphoneos;
				SWIFT_OPTIMIZATION_LEVEL = "-Onone";
			};
			name = Debug;
		};
		A744C54519A4F65B0028C438 /* Release */ = {
			isa = XCBuildConfiguration;
			buildSettings = {
				ALWAYS_SEARCH_USER_PATHS = NO;
				CLANG_CXX_LANGUAGE_STANDARD = "gnu++0x";
				CLANG_CXX_LIBRARY = "libc++";
				CLANG_ENABLE_MODULES = YES;
				CLANG_ENABLE_OBJC_ARC = YES;
				CLANG_WARN_BOOL_CONVERSION = YES;
				CLANG_WARN_CONSTANT_CONVERSION = YES;
				CLANG_WARN_DIRECT_OBJC_ISA_USAGE = YES_ERROR;
				CLANG_WARN_EMPTY_BODY = YES;
				CLANG_WARN_ENUM_CONVERSION = YES;
				CLANG_WARN_INT_CONVERSION = YES;
				CLANG_WARN_OBJC_ROOT_CLASS = YES_ERROR;
				CLANG_WARN_UNREACHABLE_CODE = YES;
				CLANG_WARN__DUPLICATE_METHOD_MATCH = YES;
				"CODE_SIGN_IDENTITY[sdk=iphoneos*]" = "iPhone Developer";
				COPY_PHASE_STRIP = YES;
				ENABLE_NS_ASSERTIONS = NO;
				ENABLE_STRICT_OBJC_MSGSEND = YES;
				GCC_C_LANGUAGE_STANDARD = gnu99;
				GCC_WARN_64_TO_32_BIT_CONVERSION = YES;
				GCC_WARN_ABOUT_RETURN_TYPE = YES_ERROR;
				GCC_WARN_UNDECLARED_SELECTOR = YES;
				GCC_WARN_UNINITIALIZED_AUTOS = YES_AGGRESSIVE;
				GCC_WARN_UNUSED_FUNCTION = YES;
				GCC_WARN_UNUSED_VARIABLE = YES;
				IPHONEOS_DEPLOYMENT_TARGET = 8.0;
				MTL_ENABLE_DEBUG_INFO = NO;
				SDKROOT = iphoneos;
				VALIDATE_PRODUCT = YES;
			};
			name = Release;
		};
		A744C54719A4F65B0028C438 /* Debug */ = {
			isa = XCBuildConfiguration;
			buildSettings = {
				ASSETCATALOG_COMPILER_APPICON_NAME = AppIcon;
				ASSETCATALOG_COMPILER_LAUNCHIMAGE_NAME = LaunchImage;
				INFOPLIST_FILE = swiftris/Info.plist;
				LD_RUNPATH_SEARCH_PATHS = "$(inherited) @executable_path/Frameworks";
				PRODUCT_NAME = "$(TARGET_NAME)";
			};
			name = Debug;
		};
		A744C54819A4F65B0028C438 /* Release */ = {
			isa = XCBuildConfiguration;
			buildSettings = {
				ASSETCATALOG_COMPILER_APPICON_NAME = AppIcon;
				ASSETCATALOG_COMPILER_LAUNCHIMAGE_NAME = LaunchImage;
				INFOPLIST_FILE = swiftris/Info.plist;
				LD_RUNPATH_SEARCH_PATHS = "$(inherited) @executable_path/Frameworks";
				PRODUCT_NAME = "$(TARGET_NAME)";
			};
			name = Release;
		};
		A744C54A19A4F65B0028C438 /* Debug */ = {
			isa = XCBuildConfiguration;
			buildSettings = {
				BUNDLE_LOADER = "$(TEST_HOST)";
				FRAMEWORK_SEARCH_PATHS = (
					"$(SDKROOT)/Developer/Library/Frameworks",
					"$(inherited)",
				);
				GCC_PREPROCESSOR_DEFINITIONS = (
					"DEBUG=1",
					"$(inherited)",
				);
				INFOPLIST_FILE = swiftrisTests/Info.plist;
				LD_RUNPATH_SEARCH_PATHS = "$(inherited) @executable_path/Frameworks @loader_path/Frameworks";
				PRODUCT_NAME = "$(TARGET_NAME)";
				TEST_HOST = "$(BUILT_PRODUCTS_DIR)/swiftris.app/swiftris";
			};
			name = Debug;
		};
		A744C54B19A4F65B0028C438 /* Release */ = {
			isa = XCBuildConfiguration;
			buildSettings = {
				BUNDLE_LOADER = "$(TEST_HOST)";
				FRAMEWORK_SEARCH_PATHS = (
					"$(SDKROOT)/Developer/Library/Frameworks",
					"$(inherited)",
				);
				INFOPLIST_FILE = swiftrisTests/Info.plist;
				LD_RUNPATH_SEARCH_PATHS = "$(inherited) @executable_path/Frameworks @loader_path/Frameworks";
				PRODUCT_NAME = "$(TARGET_NAME)";
				TEST_HOST = "$(BUILT_PRODUCTS_DIR)/swiftris.app/swiftris";
			};
			name = Release;
		};
/* End XCBuildConfiguration section */

/* Begin XCConfigurationList section */
		A744C52119A4F65B0028C438 /* Build configuration list for PBXProject "swiftris" */ = {
			isa = XCConfigurationList;
			buildConfigurations = (
				A744C54419A4F65B0028C438 /* Debug */,
				A744C54519A4F65B0028C438 /* Release */,
			);
			defaultConfigurationIsVisible = 0;
			defaultConfigurationName = Release;
		};
		A744C54619A4F65B0028C438 /* Build configuration list for PBXNativeTarget "swiftris" */ = {
			isa = XCConfigurationList;
			buildConfigurations = (
				A744C54719A4F65B0028C438 /* Debug */,
				A744C54819A4F65B0028C438 /* Release */,
			);
			defaultConfigurationIsVisible = 0;
			defaultConfigurationName = Release;
		};
		A744C54919A4F65B0028C438 /* Build configuration list for PBXNativeTarget "swiftrisTests" */ = {
			isa = XCConfigurationList;
			buildConfigurations = (
				A744C54A19A4F65B0028C438 /* Debug */,
				A744C54B19A4F65B0028C438 /* Release */,
			);
			defaultConfigurationIsVisible = 0;
			defaultConfigurationName = Release;
		};
/* End XCConfigurationList section */
	};
	rootObject = A744C51E19A4F65B0028C438 /* Project object */;
}
